
Microsoft Visual Studio Solution File, Format Version 12.00
# Visual Studio Version 17
VisualStudioVersion = 17.12.35527.113 d17.12
MinimumVisualStudioVersion = 10.0.40219.1
Project("{FAE04EC0-301F-11D3-BF4B-00C04F79EFBC}") = "Assignment WEBAPI D2", "Assignment WEBAPI D2\Assignment WEBAPI D2.csproj", "{F9A2A674-3918-4BB8-BAA1-643AF3D50FAD}"
EndProject
Global
	GlobalSection(SolutionConfigurationPlatforms) = preSolution
		Debug|Any CPU = Debug|Any CPU
		Release|Any CPU = Release|Any CPU
	EndGlobalSection
	GlobalSection(ProjectConfigurationPlatforms) = postSolution
		{F9A2A674-3918-4BB8-BAA1-643AF3D50FAD}.Debug|Any CPU.ActiveCfg = Debug|Any CPU
		{F9A2A674-3918-4BB8-BAA1-643AF3D50FAD}.Debug|Any CPU.Build.0 = Debug|Any CPU
		{F9A2A674-3918-4BB8-BAA1-643AF3D50FAD}.Release|Any CPU.ActiveCfg = Release|Any CPU
		{F9A2A674-3918-4BB8-BAA1-643AF3D50FAD}.Release|Any CPU.Build.0 = Release|Any CPU
	EndGlobalSection
	GlobalSection(SolutionProperties) = preSolution
		HideSolutionNode = FALSE
	EndGlobalSection
EndGlobal
